<?xml version="1.0" encoding="utf-8"?>
<Project ToolsVersion="4.0" xmlns="http://schemas.microsoft.com/developer/msbuild/2003">
  <ItemGroup>
    <Filter Include="Source Files">
      <UniqueIdentifier>{4FC737F1-C7A5-4376-A066-2A32D752A2FF}</UniqueIdentifier>
      <Extensions>cpp;c;cc;cxx;def;odl;idl;hpj;bat;asm;asmx</Extensions>
    </Filter>
    <Filter Include="Header Files">
      <UniqueIdentifier>{93995380-89BD-4b04-88EB-625FBE52EBFB}</UniqueIdentifier>
      <Extensions>h;hh;hpp;hxx;hm;inl;inc;xsd</Extensions>
    </Filter>
    <Filter Include="Resource Files">
      <UniqueIdentifier>{67DA6AB6-F800-4c08-8B7A-83BB121AAD01}</UniqueIdentifier>
      <Extensions>rc;ico;cur;bmp;dlg;rc2;rct;bin;rgs;gif;jpg;jpeg;jpe;resx;tiff;tif;png;wav;mfcribbon-ms</Extensions>
    </Filter>
    <Filter Include="Header Files\Audio">
      <UniqueIdentifier>{0ebc28b6-08d5-4b7a-a78d-ccf4b9603278}</UniqueIdentifier>
    </Filter>
    <Filter Include="Header Files\Core">
      <UniqueIdentifier>{ac812b3f-590e-410c-a4ba-1c9549b9e731}</UniqueIdentifier>
    </Filter>
    <Filter Include="Header Files\Graphic">
      <UniqueIdentifier>{2b214e7d-8941-4646-8556-8b875ae961ce}</UniqueIdentifier>
    </Filter>
    <Filter Include="Header Files\Types">
      <UniqueIdentifier>{a2de67e1-b9b8-435d-8c63-6c8f9c37e556}</UniqueIdentifier>
    </Filter>
    <Filter Include="Header Files\Utils">
      <UniqueIdentifier>{62e90646-7bac-48d8-86d1-2356f4740f73}</UniqueIdentifier>
    </Filter>
    <Filter Include="Source Files\Audio">
      <UniqueIdentifier>{55bb19cf-9047-4b5d-8d63-e2bf6c3770d9}</UniqueIdentifier>
    </Filter>
    <Filter Include="Source Files\Core">
      <UniqueIdentifier>{79ae9dfb-ea54-4b5f-b36b-924444d2e213}</UniqueIdentifier>
    </Filter>
    <Filter Include="Source Files\Graphic">
      <UniqueIdentifier>{431f7174-1190-4842-8381-b83b33c00262}</UniqueIdentifier>
    </Filter>
    <Filter Include="Source Files\Types">
      <UniqueIdentifier>{ee23a88c-11a0-4730-b99b-4f34c93d93b5}</UniqueIdentifier>
    </Filter>
    <Filter Include="Source Files\Utils">
      <UniqueIdentifier>{f9bfdd11-64cf-4493-8764-9056e7027a05}</UniqueIdentifier>
    </Filter>
  </ItemGroup>
  <ItemGroup>
    <ClInclude Include="..\..\src\aeonlib\audio\soundmanager.h">
      <Filter>Header Files\Audio</Filter>
    </ClInclude>
    <ClInclude Include="..\..\src\aeonlib\audio\music.h">
      <Filter>Header Files\Audio</Filter>
    </ClInclude>
    <ClInclude Include="..\..\src\aeonlib\audio\sound.h">
      <Filter>Header Files\Audio</Filter>
    </ClInclude>
    <ClInclude Include="..\..\src\aeonlib\core\config.h">
      <Filter>Header Files\Core</Filter>
    </ClInclude>
    <ClInclude Include="..\..\src\aeonlib\graphic\vertexShader.h">
      <Filter>Header Files\Graphic</Filter>
    </ClInclude>
    <ClInclude Include="..\..\src\aeonlib\graphic\fragmentShader.h">
      <Filter>Header Files\Graphic</Filter>
    </ClInclude>
    <ClInclude Include="..\..\src\aeonlib\graphic\renderer.h">
      <Filter>Header Files\Graphic</Filter>
    </ClInclude>
    <ClInclude Include="..\..\src\aeonlib\graphic\shader.h">
      <Filter>Header Files\Graphic</Filter>
    </ClInclude>
    <ClInclude Include="..\..\src\aeonlib\types\mathmodule.h">
      <Filter>Header Files\Types</Filter>
    </ClInclude>
    <ClInclude Include="..\..\src\aeonlib\types\types.h">
      <Filter>Header Files\Types</Filter>
    </ClInclude>
    <ClInclude Include="..\..\src\aeonlib\utils\debug.h">
      <Filter>Header Files\Utils</Filter>
    </ClInclude>
    <ClInclude Include="..\..\src\aeonlib\utils\utils.h">
      <Filter>Header Files\Utils</Filter>
    </ClInclude>
    <ClInclude Include="..\..\src\aeonlib\precompiled.h">
      <Filter>Header Files</Filter>
    </ClInclude>
    <ClInclude Include="..\..\src\aeonlib\engine.h">
      <Filter>Header Files</Filter>
    </ClInclude>
    <ClInclude Include="..\..\src\aeonlib\core\Signal.h">
      <Filter>Header Files\Core</Filter>
    </ClInclude>
  </ItemGroup>
  <ItemGroup>
    <ClCompile Include="..\..\src\aeonlib\audio\sound.cpp">
      <Filter>Source Files\Audio</Filter>
    </ClCompile>
    <ClCompile Include="..\..\src\aeonlib\audio\soundmanager.cpp">
      <Filter>Source Files\Audio</Filter>
    </ClCompile>
    <ClCompile Include="..\..\src\aeonlib\audio\music.cpp">
      <Filter>Source Files\Audio</Filter>
    </ClCompile>
    <ClCompile Include="..\..\src\aeonlib\core\config.cpp">
      <Filter>Source Files\Core</Filter>
    </ClCompile>
    <ClCompile Include="..\..\src\aeonlib\graphic\shader.cpp">
      <Filter>Source Files\Graphic</Filter>
    </ClCompile>
    <ClCompile Include="..\..\src\aeonlib\graphic\renderer.cpp">
      <Filter>Source Files\Graphic</Filter>
    </ClCompile>
    <ClCompile Include="..\..\src\aeonlib\types\types.cpp">
      <Filter>Source Files\Types</Filter>
    </ClCompile>
    <ClCompile Include="..\..\src\aeonlib\utils\debug.cpp">
      <Filter>Source Files\Utils</Filter>
    </ClCompile>
    <ClCompile Include="..\..\src\aeonlib\utils\utils.cpp">
      <Filter>Source Files\Utils</Filter>
    </ClCompile>
    <ClCompile Include="..\..\src\aeonlib\engine.cpp">
      <Filter>Source Files</Filter>
    </ClCompile>
  </ItemGroup>
</Project>