// !$*UTF8*$!
{
	archiveVersion = 1;
	classes = {
	};
	objectVersion = 50;
	objects = {

/* Begin PBXBuildFile section */
		BCFF2448217DDD4600C21034 /* engine.cpp in Sources */ = {isa = PBXBuildFile; fileRef = BCFF2446217DDD4500C21034 /* engine.cpp */; };
		BCFF2449217DDD4600C21034 /* engine.h in Headers */ = {isa = PBXBuildFile; fileRef = BCFF2447217DDD4600C21034 /* engine.h */; };
		BCFF2469217DE1A800C21034 /* precompiled.h in Headers */ = {isa = PBXBuildFile; fileRef = BCFF2467217DE1A800C21034 /* precompiled.h */; };
/* End PBXBuildFile section */

/* Begin PBXContainerItemProxy section */
		BCFF2461217DDD8800C21034 /* PBXContainerItemProxy */ = {
			isa = PBXContainerItemProxy;
			containerPortal = BCFF245D217DDD8700C21034 /* AeonLibTest.xcodeproj */;
			proxyType = 2;
			remoteGlobalIDString = BCFF2453217DDD8700C21034;
			remoteInfo = AeonLibTest;
		};
/* End PBXContainerItemProxy section */

/* Begin PBXFileReference section */
		BCFF2434217DDCA900C21034 /* libAeonLib.a */ = {isa = PBXFileReference; explicitFileType = archive.ar; includeInIndex = 0; path = libAeonLib.a; sourceTree = BUILT_PRODUCTS_DIR; };
		BCFF2443217DDD4500C21034 /* core */ = {isa = PBXFileReference; lastKnownFileType = folder; name = core; path = ../../../../src/aeonlib/core; sourceTree = "<group>"; };
		BCFF2444217DDD4500C21034 /* audio */ = {isa = PBXFileReference; lastKnownFileType = folder; name = audio; path = ../../../../src/aeonlib/audio; sourceTree = "<group>"; };
		BCFF2445217DDD4500C21034 /* data */ = {isa = PBXFileReference; lastKnownFileType = folder; name = data; path = ../../../../src/aeonlib/data; sourceTree = "<group>"; };
		BCFF2446217DDD4500C21034 /* engine.cpp */ = {isa = PBXFileReference; fileEncoding = 4; lastKnownFileType = sourcecode.cpp.cpp; name = engine.cpp; path = ../../../../src/aeonlib/engine.cpp; sourceTree = "<group>"; };
		BCFF2447217DDD4600C21034 /* engine.h */ = {isa = PBXFileReference; fileEncoding = 4; lastKnownFileType = sourcecode.c.h; name = engine.h; path = ../../../../src/aeonlib/engine.h; sourceTree = "<group>"; };
		BCFF245D217DDD8700C21034 /* AeonLibTest.xcodeproj */ = {isa = PBXFileReference; lastKnownFileType = "wrapper.pb-project"; name = AeonLibTest.xcodeproj; path = AeonLibTest/AeonLibTest/AeonLibTest.xcodeproj; sourceTree = "<group>"; };
		BCFF2465217DE1A700C21034 /* graphic */ = {isa = PBXFileReference; lastKnownFileType = folder; name = graphic; path = ../../../../src/aeonlib/graphic; sourceTree = "<group>"; };
		BCFF2466217DE1A800C21034 /* types */ = {isa = PBXFileReference; lastKnownFileType = folder; name = types; path = ../../../../src/aeonlib/types; sourceTree = "<group>"; };
		BCFF2467217DE1A800C21034 /* precompiled.h */ = {isa = PBXFileReference; fileEncoding = 4; lastKnownFileType = sourcecode.c.h; name = precompiled.h; path = ../../../../src/aeonlib/precompiled.h; sourceTree = "<group>"; };
		BCFF2468217DE1A800C21034 /* utils */ = {isa = PBXFileReference; lastKnownFileType = folder; name = utils; path = ../../../../src/aeonlib/utils; sourceTree = "<group>"; };
/* End PBXFileReference section */

/* Begin PBXFrameworksBuildPhase section */
		BCFF2432217DDCA900C21034 /* Frameworks */ = {
			isa = PBXFrameworksBuildPhase;
			buildActionMask = 2147483647;
			files = (
			);
			runOnlyForDeploymentPostprocessing = 0;
		};
/* End PBXFrameworksBuildPhase section */

/* Begin PBXGroup section */
		BCFF242B217DDCA900C21034 = {
			isa = PBXGroup;
			children = (
				BCFF245D217DDD8700C21034 /* AeonLibTest.xcodeproj */,
				BCFF2436217DDCA900C21034 /* AeonLib */,
				BCFF2435217DDCA900C21034 /* Products */,
			);
			sourceTree = "<group>";
		};
		BCFF2435217DDCA900C21034 /* Products */ = {
			isa = PBXGroup;
			children = (
				BCFF2434217DDCA900C21034 /* libAeonLib.a */,
			);
			name = Products;
			sourceTree = "<group>";
		};
		BCFF2436217DDCA900C21034 /* AeonLib */ = {
			isa = PBXGroup;
			children = (
				BCFF2465217DE1A700C21034 /* graphic */,
				BCFF2467217DE1A800C21034 /* precompiled.h */,
				BCFF2466217DE1A800C21034 /* types */,
				BCFF2468217DE1A800C21034 /* utils */,
				BCFF2444217DDD4500C21034 /* audio */,
				BCFF2443217DDD4500C21034 /* core */,
				BCFF2445217DDD4500C21034 /* data */,
				BCFF2446217DDD4500C21034 /* engine.cpp */,
				BCFF2447217DDD4600C21034 /* engine.h */,
			);
			path = AeonLib;
			sourceTree = "<group>";
		};
		BCFF245E217DDD8700C21034 /* Products */ = {
			isa = PBXGroup;
			children = (
				BCFF2462217DDD8800C21034 /* AeonLibTest */,
			);
			name = Products;
			sourceTree = "<group>";
		};
/* End PBXGroup section */

/* Begin PBXHeadersBuildPhase section */
		BCFF2430217DDCA900C21034 /* Headers */ = {
			isa = PBXHeadersBuildPhase;
			buildActionMask = 2147483647;
			files = (
				BCFF2449217DDD4600C21034 /* engine.h in Headers */,
				BCFF2469217DE1A800C21034 /* precompiled.h in Headers */,
			);
			runOnlyForDeploymentPostprocessing = 0;
		};
/* End PBXHeadersBuildPhase section */

/* Begin PBXNativeTarget section */
		BCFF2433217DDCA900C21034 /* AeonLib */ = {
			isa = PBXNativeTarget;
			buildConfigurationList = BCFF243F217DDCA900C21034 /* Build configuration list for PBXNativeTarget "AeonLib" */;
			buildPhases = (
				BCFF2430217DDCA900C21034 /* Headers */,
				BCFF2431217DDCA900C21034 /* Sources */,
				BCFF2432217DDCA900C21034 /* Frameworks */,
			);
			buildRules = (
			);
			dependencies = (
			);
			name = AeonLib;
			productName = AeonLib;
			productReference = BCFF2434217DDCA900C21034 /* libAeonLib.a */;
			productType = "com.apple.product-type.library.static";
		};
/* End PBXNativeTarget section */

/* Begin PBXProject section */
		BCFF242C217DDCA900C21034 /* Project object */ = {
			isa = PBXProject;
			attributes = {
				LastUpgradeCheck = 1000;
				ORGANIZATIONNAME = aeonphyxius;
				TargetAttributes = {
					BCFF2433217DDCA900C21034 = {
						CreatedOnToolsVersion = 10.0;
					};
				};
			};
			buildConfigurationList = BCFF242F217DDCA900C21034 /* Build configuration list for PBXProject "AeonLib" */;
			compatibilityVersion = "Xcode 9.3";
			developmentRegion = en;
			hasScannedForEncodings = 0;
			knownRegions = (
				en,
			);
			mainGroup = BCFF242B217DDCA900C21034;
			productRefGroup = BCFF2435217DDCA900C21034 /* Products */;
			projectDirPath = "";
			projectReferences = (
				{
					ProductGroup = BCFF245E217DDD8700C21034 /* Products */;
					ProjectRef = BCFF245D217DDD8700C21034 /* AeonLibTest.xcodeproj */;
				},
			);
			projectRoot = "";
			targets = (
				BCFF2433217DDCA900C21034 /* AeonLib */,
			);
		};
/* End PBXProject section */

/* Begin PBXReferenceProxy section */
		BCFF2462217DDD8800C21034 /* AeonLibTest */ = {
			isa = PBXReferenceProxy;
			fileType = "compiled.mach-o.executable";
			path = AeonLibTest;
			remoteRef = BCFF2461217DDD8800C21034 /* PBXContainerItemProxy */;
			sourceTree = BUILT_PRODUCTS_DIR;
		};
/* End PBXReferenceProxy section */

/* Begin PBXSourcesBuildPhase section */
		BCFF2431217DDCA900C21034 /* Sources */ = {
			isa = PBXSourcesBuildPhase;
			buildActionMask = 2147483647;
			files = (
				BCFF2448217DDD4600C21034 /* engine.cpp in Sources */,
			);
			runOnlyForDeploymentPostprocessing = 0;
		};
/* End PBXSourcesBuildPhase section */

/* Begin XCBuildConfiguration section */
		BCFF243D217DDCA900C21034 /* Debug */ = {
			isa = XCBuildConfiguration;
			buildSettings = {
				ALWAYS_SEARCH_USER_PATHS = NO;
				CLANG_ANALYZER_NONNULL = YES;
				CLANG_ANALYZER_NUMBER_OBJECT_CONVERSION = YES_AGGRESSIVE;
				CLANG_CXX_LANGUAGE_STANDARD = "gnu++14";
				CLANG_CXX_LIBRARY = "libc++";
				CLANG_ENABLE_MODULES = YES;
				CLANG_ENABLE_OBJC_ARC = YES;
				CLANG_ENABLE_OBJC_WEAK = YES;
				CLANG_WARN_BLOCK_CAPTURE_AUTORELEASING = YES;
				CLANG_WARN_BOOL_CONVERSION = YES;
				CLANG_WARN_COMMA = YES;
				CLANG_WARN_CONSTANT_CONVERSION = YES;
				CLANG_WARN_DEPRECATED_OBJC_IMPLEMENTATIONS = YES;
				CLANG_WARN_DIRECT_OBJC_ISA_USAGE = YES_ERROR;
				CLANG_WARN_DOCUMENTATION_COMMENTS = YES;
				CLANG_WARN_EMPTY_BODY = YES;
				CLANG_WARN_ENUM_CONVERSION = YES;
				CLANG_WARN_INFINITE_RECURSION = YES;
				CLANG_WARN_INT_CONVERSION = YES;
				CLANG_WARN_NON_LITERAL_NULL_CONVERSION = YES;
				CLANG_WARN_OBJC_IMPLICIT_RETAIN_SELF = YES;
				CLANG_WARN_OBJC_LITERAL_CONVERSION = YES;
				CLANG_WARN_OBJC_ROOT_CLASS = YES_ERROR;
				CLANG_WARN_RANGE_LOOP_ANALYSIS = YES;
				CLANG_WARN_STRICT_PROTOTYPES = YES;
				CLANG_WARN_SUSPICIOUS_MOVE = YES;
				CLANG_WARN_UNGUARDED_AVAILABILITY = YES_AGGRESSIVE;
				CLANG_WARN_UNREACHABLE_CODE = YES;
				CLANG_WARN__DUPLICATE_METHOD_MATCH = YES;
				CODE_SIGN_IDENTITY = "-";
				COPY_PHASE_STRIP = NO;
				DEBUG_INFORMATION_FORMAT = dwarf;
				ENABLE_STRICT_OBJC_MSGSEND = YES;
				ENABLE_TESTABILITY = YES;
				GCC_C_LANGUAGE_STANDARD = gnu11;
				GCC_DYNAMIC_NO_PIC = NO;
				GCC_NO_COMMON_BLOCKS = YES;
				GCC_OPTIMIZATION_LEVEL = 0;
				GCC_PREPROCESSOR_DEFINITIONS = (
					"DEBUG=1",
					"$(inherited)",
				);
				GCC_WARN_64_TO_32_BIT_CONVERSION = YES;
				GCC_WARN_ABOUT_RETURN_TYPE = YES_ERROR;
				GCC_WARN_UNDECLARED_SELECTOR = YES;
				GCC_WARN_UNINITIALIZED_AUTOS = YES_AGGRESSIVE;
				GCC_WARN_UNUSED_FUNCTION = YES;
				GCC_WARN_UNUSED_VARIABLE = YES;
				MACOSX_DEPLOYMENT_TARGET = 10.13;
				MTL_ENABLE_DEBUG_INFO = INCLUDE_SOURCE;
				MTL_FAST_MATH = YES;
				ONLY_ACTIVE_ARCH = YES;
				SDKROOT = macosx;
			};
			name = Debug;
		};
		BCFF243E217DDCA900C21034 /* Release */ = {
			isa = XCBuildConfiguration;
			buildSettings = {
				ALWAYS_SEARCH_USER_PATHS = NO;
				CLANG_ANALYZER_NONNULL = YES;
				CLANG_ANALYZER_NUMBER_OBJECT_CONVERSION = YES_AGGRESSIVE;
				CLANG_CXX_LANGUAGE_STANDARD = "gnu++14";
				CLANG_CXX_LIBRARY = "libc++";
				CLANG_ENABLE_MODULES = YES;
				CLANG_ENABLE_OBJC_ARC = YES;
				CLANG_ENABLE_OBJC_WEAK = YES;
				CLANG_WARN_BLOCK_CAPTURE_AUTORELEASING = YES;
				CLANG_WARN_BOOL_CONVERSION = YES;
				CLANG_WARN_COMMA = YES;
				CLANG_WARN_CONSTANT_CONVERSION = YES;
				CLANG_WARN_DEPRECATED_OBJC_IMPLEMENTATIONS = YES;
				CLANG_WARN_DIRECT_OBJC_ISA_USAGE = YES_ERROR;
				CLANG_WARN_DOCUMENTATION_COMMENTS = YES;
				CLANG_WARN_EMPTY_BODY = YES;
				CLANG_WARN_ENUM_CONVERSION = YES;
				CLANG_WARN_INFINITE_RECURSION = YES;
				CLANG_WARN_INT_CONVERSION = YES;
				CLANG_WARN_NON_LITERAL_NULL_CONVERSION = YES;
				CLANG_WARN_OBJC_IMPLICIT_RETAIN_SELF = YES;
				CLANG_WARN_OBJC_LITERAL_CONVERSION = YES;
				CLANG_WARN_OBJC_ROOT_CLASS = YES_ERROR;
				CLANG_WARN_RANGE_LOOP_ANALYSIS = YES;
				CLANG_WARN_STRICT_PROTOTYPES = YES;
				CLANG_WARN_SUSPICIOUS_MOVE = YES;
				CLANG_WARN_UNGUARDED_AVAILABILITY = YES_AGGRESSIVE;
				CLANG_WARN_UNREACHABLE_CODE = YES;
				CLANG_WARN__DUPLICATE_METHOD_MATCH = YES;
				CODE_SIGN_IDENTITY = "-";
				COPY_PHASE_STRIP = NO;
				DEBUG_INFORMATION_FORMAT = "dwarf-with-dsym";
				ENABLE_NS_ASSERTIONS = NO;
				ENABLE_STRICT_OBJC_MSGSEND = YES;
				GCC_C_LANGUAGE_STANDARD = gnu11;
				GCC_NO_COMMON_BLOCKS = YES;
				GCC_WARN_64_TO_32_BIT_CONVERSION = YES;
				GCC_WARN_ABOUT_RETURN_TYPE = YES_ERROR;
				GCC_WARN_UNDECLARED_SELECTOR = YES;
				GCC_WARN_UNINITIALIZED_AUTOS = YES_AGGRESSIVE;
				GCC_WARN_UNUSED_FUNCTION = YES;
				GCC_WARN_UNUSED_VARIABLE = YES;
				MACOSX_DEPLOYMENT_TARGET = 10.13;
				MTL_ENABLE_DEBUG_INFO = NO;
				MTL_FAST_MATH = YES;
				SDKROOT = macosx;
			};
			name = Release;
		};
		BCFF2440217DDCA900C21034 /* Debug */ = {
			isa = XCBuildConfiguration;
			buildSettings = {
				CODE_SIGN_STYLE = Automatic;
				EXECUTABLE_PREFIX = lib;
				GCC_ENABLE_CPP_EXCEPTIONS = YES;
				GCC_ENABLE_CPP_RTTI = YES;
				HEADER_SEARCH_PATHS = (
					../../../src/aeonlib,
					../../../src/external/glew/include,
					../../../src/external/glfw/include,
					../../../src/external/jsoncpp/include,
				);
				LD_RUNPATH_SEARCH_PATHS = "";
				PRODUCT_NAME = "$(TARGET_NAME)";
				SKIP_INSTALL = YES;
			};
			name = Debug;
		};
		BCFF2441217DDCA900C21034 /* Release */ = {
			isa = XCBuildConfiguration;
			buildSettings = {
				CODE_SIGN_STYLE = Automatic;
				EXECUTABLE_PREFIX = lib;
				GCC_ENABLE_CPP_EXCEPTIONS = YES;
				GCC_ENABLE_CPP_RTTI = YES;
				HEADER_SEARCH_PATHS = (
					../../../src/aeonlib,
					../../../src/external/glew/include,
					../../../src/external/glfw/include,
					../../../src/external/jsoncpp/include,
				);
				LD_RUNPATH_SEARCH_PATHS = "";
				PRODUCT_NAME = "$(TARGET_NAME)";
				SKIP_INSTALL = YES;
			};
			name = Release;
		};
/* End XCBuildConfiguration section */

/* Begin XCConfigurationList section */
		BCFF242F217DDCA900C21034 /* Build configuration list for PBXProject "AeonLib" */ = {
			isa = XCConfigurationList;
			buildConfigurations = (
				BCFF243D217DDCA900C21034 /* Debug */,
				BCFF243E217DDCA900C21034 /* Release */,
			);
			defaultConfigurationIsVisible = 0;
			defaultConfigurationName = Release;
		};
		BCFF243F217DDCA900C21034 /* Build configuration list for PBXNativeTarget "AeonLib" */ = {
			isa = XCConfigurationList;
			buildConfigurations = (
				BCFF2440217DDCA900C21034 /* Debug */,
				BCFF2441217DDCA900C21034 /* Release */,
			);
			defaultConfigurationIsVisible = 0;
			defaultConfigurationName = Release;
		};
/* End XCConfigurationList section */
	};
	rootObject = BCFF242C217DDCA900C21034 /* Project object */;
}
